
Microsoft Visual Studio Solution File, Format Version 12.00
# Visual Studio Version 17
VisualStudioVersion = 17.1.32421.90
MinimumVisualStudioVersion = 10.0.40219.1
Project("{9A19103F-16F7-4668-BE54-9A1E7A4F7556}") = "Caso1LuisChinchilla.DAL", "Caso1LuisChinchilla.DAL\Caso1LuisChinchilla.DAL.csproj", "{D9CCFE9C-8370-4218-B66C-0C50703C6856}"
EndProject
Project("{9A19103F-16F7-4668-BE54-9A1E7A4F7556}") = "Caso1LuisChinchilla.BLL", "Caso1LuisChinchilla.BLL\Caso1LuisChinchilla.BLL.csproj", "{0CDED221-68DA-40E7-90B9-F464E874386A}"
EndProject
Project("{FAE04EC0-301F-11D3-BF4B-00C04F79EFBC}") = "Caso1LuisChinchilla.PL", "Caso1LuisChinchilla.PL\Caso1LuisChinchilla.PL.csproj", "{9FE2DDB9-6796-4C8B-835A-2428C3083501}"
EndProject
Global
	GlobalSection(SolutionConfigurationPlatforms) = preSolution
		Debug|Any CPU = Debug|Any CPU
		Release|Any CPU = Release|Any CPU
	EndGlobalSection
	GlobalSection(ProjectConfigurationPlatforms) = postSolution
		{D9CCFE9C-8370-4218-B66C-0C50703C6856}.Debug|Any CPU.ActiveCfg = Debug|Any CPU
		{D9CCFE9C-8370-4218-B66C-0C50703C6856}.Debug|Any CPU.Build.0 = Debug|Any CPU
		{D9CCFE9C-8370-4218-B66C-0C50703C6856}.Release|Any CPU.ActiveCfg = Release|Any CPU
		{D9CCFE9C-8370-4218-B66C-0C50703C6856}.Release|Any CPU.Build.0 = Release|Any CPU
		{0CDED221-68DA-40E7-90B9-F464E874386A}.Debug|Any CPU.ActiveCfg = Debug|Any CPU
		{0CDED221-68DA-40E7-90B9-F464E874386A}.Debug|Any CPU.Build.0 = Debug|Any CPU
		{0CDED221-68DA-40E7-90B9-F464E874386A}.Release|Any CPU.ActiveCfg = Release|Any CPU
		{0CDED221-68DA-40E7-90B9-F464E874386A}.Release|Any CPU.Build.0 = Release|Any CPU
		{9FE2DDB9-6796-4C8B-835A-2428C3083501}.Debug|Any CPU.ActiveCfg = Debug|Any CPU
		{9FE2DDB9-6796-4C8B-835A-2428C3083501}.Debug|Any CPU.Build.0 = Debug|Any CPU
		{9FE2DDB9-6796-4C8B-835A-2428C3083501}.Release|Any CPU.ActiveCfg = Release|Any CPU
		{9FE2DDB9-6796-4C8B-835A-2428C3083501}.Release|Any CPU.Build.0 = Release|Any CPU
	EndGlobalSection
	GlobalSection(SolutionProperties) = preSolution
		HideSolutionNode = FALSE
	EndGlobalSection
	GlobalSection(ExtensibilityGlobals) = postSolution
		SolutionGuid = {10B6EC23-BEC3-4DD5-B453-6F2557220A17}
	EndGlobalSection
EndGlobal
